{
    "name": "backend",
    "version": "1.0.0",
    "description": "Express.js backend for admin-login-analytics web app",
    "main": "server.js",
    "scripts": {
      "start": "node server.js"
    },
    "dependencies": {
      "express": "^4.17.1",
      "body-parser": "^1.19.0",
      "mysql": "^2.18.1",
      "bcryptjs": "^2.4.3",
      "jsonwebtoken": "^8.5.1"
    }
  }
  